
Microsoft Visual Studio Solution File, Format Version 12.00
# Visual Studio Version 16
VisualStudioVersion = 16.0.30907.101
MinimumVisualStudioVersion = 10.0.40219.1
Project("{FAE04EC0-301F-11D3-BF4B-00C04F79EFBC}") = "StringConcatApp", "StringConcatApp\StringConcatApp.csproj", "{E32AE391-77D3-476F-9931-25F737EFF84A}"
EndProject
Global
	GlobalSection(SolutionConfigurationPlatforms) = preSolution
		Debug|Any CPU = Debug|Any CPU
		Release|Any CPU = Release|Any CPU
	EndGlobalSection
	GlobalSection(ProjectConfigurationPlatforms) = postSolution
		{E32AE391-77D3-476F-9931-25F737EFF84A}.Debug|Any CPU.ActiveCfg = Debug|Any CPU
		{E32AE391-77D3-476F-9931-25F737EFF84A}.Debug|Any CPU.Build.0 = Debug|Any CPU
		{E32AE391-77D3-476F-9931-25F737EFF84A}.Release|Any CPU.ActiveCfg = Release|Any CPU
		{E32AE391-77D3-476F-9931-25F737EFF84A}.Release|Any CPU.Build.0 = Release|Any CPU
	EndGlobalSection
	GlobalSection(SolutionProperties) = preSolution
		HideSolutionNode = FALSE
	EndGlobalSection
	GlobalSection(ExtensibilityGlobals) = postSolution
		SolutionGuid = {C78467D4-FE4C-49C7-8164-BD89BB001EE5}
	EndGlobalSection
EndGlobal
