
Microsoft Visual Studio Solution File, Format Version 12.00
# Visual Studio Version 16
VisualStudioVersion = 16.0.30907.101
MinimumVisualStudioVersion = 10.0.40219.1
Project("{FAE04EC0-301F-11D3-BF4B-00C04F79EFBC}") = "MyWindowApp", "MyWindowApp\MyWindowApp.csproj", "{4CB51EC5-E7DE-4D2D-887D-9C066D9A0CAE}"
EndProject
Global
	GlobalSection(SolutionConfigurationPlatforms) = preSolution
		Debug|Any CPU = Debug|Any CPU
		Release|Any CPU = Release|Any CPU
	EndGlobalSection
	GlobalSection(ProjectConfigurationPlatforms) = postSolution
		{4CB51EC5-E7DE-4D2D-887D-9C066D9A0CAE}.Debug|Any CPU.ActiveCfg = Debug|Any CPU
		{4CB51EC5-E7DE-4D2D-887D-9C066D9A0CAE}.Debug|Any CPU.Build.0 = Debug|Any CPU
		{4CB51EC5-E7DE-4D2D-887D-9C066D9A0CAE}.Release|Any CPU.ActiveCfg = Release|Any CPU
		{4CB51EC5-E7DE-4D2D-887D-9C066D9A0CAE}.Release|Any CPU.Build.0 = Release|Any CPU
	EndGlobalSection
	GlobalSection(SolutionProperties) = preSolution
		HideSolutionNode = FALSE
	EndGlobalSection
	GlobalSection(ExtensibilityGlobals) = postSolution
		SolutionGuid = {F7E8239A-5B4F-4606-8A1D-8F610FDC8D9F}
	EndGlobalSection
EndGlobal
