
Microsoft Visual Studio Solution File, Format Version 12.00
# Visual Studio Version 16
VisualStudioVersion = 16.0.30907.101
MinimumVisualStudioVersion = 10.0.40219.1
Project("{FAE04EC0-301F-11D3-BF4B-00C04F79EFBC}") = "DirectoryInfoApp", "DirectoryInfoApp\DirectoryInfoApp.csproj", "{96319892-BD9F-4EE1-83C4-D21A58568662}"
EndProject
Global
	GlobalSection(SolutionConfigurationPlatforms) = preSolution
		Debug|Any CPU = Debug|Any CPU
		Release|Any CPU = Release|Any CPU
	EndGlobalSection
	GlobalSection(ProjectConfigurationPlatforms) = postSolution
		{96319892-BD9F-4EE1-83C4-D21A58568662}.Debug|Any CPU.ActiveCfg = Debug|Any CPU
		{96319892-BD9F-4EE1-83C4-D21A58568662}.Debug|Any CPU.Build.0 = Debug|Any CPU
		{96319892-BD9F-4EE1-83C4-D21A58568662}.Release|Any CPU.ActiveCfg = Release|Any CPU
		{96319892-BD9F-4EE1-83C4-D21A58568662}.Release|Any CPU.Build.0 = Release|Any CPU
	EndGlobalSection
	GlobalSection(SolutionProperties) = preSolution
		HideSolutionNode = FALSE
	EndGlobalSection
	GlobalSection(ExtensibilityGlobals) = postSolution
		SolutionGuid = {A39FB67D-8971-41D3-B096-44C9CD2A5A91}
	EndGlobalSection
EndGlobal
