
Microsoft Visual Studio Solution File, Format Version 12.00
# Visual Studio Version 16
VisualStudioVersion = 16.0.30907.101
MinimumVisualStudioVersion = 10.0.40219.1
Project("{FAE04EC0-301F-11D3-BF4B-00C04F79EFBC}") = "DelegateChain2App", "DelegateChain2App\DelegateChain2App.csproj", "{876CA044-778C-4024-A793-36189DEFAEC7}"
EndProject
Global
	GlobalSection(SolutionConfigurationPlatforms) = preSolution
		Debug|Any CPU = Debug|Any CPU
		Release|Any CPU = Release|Any CPU
	EndGlobalSection
	GlobalSection(ProjectConfigurationPlatforms) = postSolution
		{876CA044-778C-4024-A793-36189DEFAEC7}.Debug|Any CPU.ActiveCfg = Debug|Any CPU
		{876CA044-778C-4024-A793-36189DEFAEC7}.Debug|Any CPU.Build.0 = Debug|Any CPU
		{876CA044-778C-4024-A793-36189DEFAEC7}.Release|Any CPU.ActiveCfg = Release|Any CPU
		{876CA044-778C-4024-A793-36189DEFAEC7}.Release|Any CPU.Build.0 = Release|Any CPU
	EndGlobalSection
	GlobalSection(SolutionProperties) = preSolution
		HideSolutionNode = FALSE
	EndGlobalSection
	GlobalSection(ExtensibilityGlobals) = postSolution
		SolutionGuid = {7AC443AE-FFD0-4678-9025-38F69D23E13A}
	EndGlobalSection
EndGlobal
