
Microsoft Visual Studio Solution File, Format Version 12.00
# Visual Studio Version 16
VisualStudioVersion = 16.0.30907.101
MinimumVisualStudioVersion = 10.0.40219.1
Project("{FAE04EC0-301F-11D3-BF4B-00C04F79EFBC}") = "GenDirFileApp", "GenDirFileApp\GenDirFileApp.csproj", "{300EDAC5-46B5-44CB-8ED8-CBFD98E4119F}"
EndProject
Global
	GlobalSection(SolutionConfigurationPlatforms) = preSolution
		Debug|Any CPU = Debug|Any CPU
		Release|Any CPU = Release|Any CPU
	EndGlobalSection
	GlobalSection(ProjectConfigurationPlatforms) = postSolution
		{300EDAC5-46B5-44CB-8ED8-CBFD98E4119F}.Debug|Any CPU.ActiveCfg = Debug|Any CPU
		{300EDAC5-46B5-44CB-8ED8-CBFD98E4119F}.Debug|Any CPU.Build.0 = Debug|Any CPU
		{300EDAC5-46B5-44CB-8ED8-CBFD98E4119F}.Release|Any CPU.ActiveCfg = Release|Any CPU
		{300EDAC5-46B5-44CB-8ED8-CBFD98E4119F}.Release|Any CPU.Build.0 = Release|Any CPU
	EndGlobalSection
	GlobalSection(SolutionProperties) = preSolution
		HideSolutionNode = FALSE
	EndGlobalSection
	GlobalSection(ExtensibilityGlobals) = postSolution
		SolutionGuid = {330504B5-2788-43BB-9C2F-7808BFFD9D6C}
	EndGlobalSection
EndGlobal
